{
  "pins" : [
    {
      "identity" : "animatetext",
      "kind" : "remoteSourceControl",
      "location" : "https://github.com/jasudev/AnimateText.git",
      "state" : {
        "revision" : "c55847e03bb3f36cf83cc217fe60ec5feda9ddd6",
        "version" : "0.5.0"
      }
    },
    {
      "identity" : "colorfulx",
      "kind" : "remoteSourceControl",
      "location" : "https://github.com/Lakr233/ColorfulX",
      "state" : {
        "revision" : "7ad28e10f88a9ec0b9bcd2394973bb76f28a271b",
        "version" : "4.1.5"
      }
    },
    {
      "identity" : "colorvector",
      "kind" : "remoteSourceControl",
      "location" : "https://github.com/Lakr233/ColorVector.git",
      "state" : {
        "revision" : "031ce6ce65c0b347fb192302aa8ec4a17cc1494f",
        "version" : "1.0.3"
      }
    },
    {
      "identity" : "springinterpolation",
      "kind" : "remoteSourceControl",
      "location" : "https://github.com/Lakr233/SpringInterpolation.git",
      "state" : {
        "revision" : "be8721cffc87ec514fa13ba5dab586a2730f51c9",
        "version" : "1.1.2"
      }
    }
  ],
  "version" : 2
}
