// !$*UTF8*$!
{
	archiveVersion = 1;
	classes = {
	};
	objectVersion = 56;
	objects = {

/* Begin PBXBuildFile section */
		442C41242C57664000E2FDDA /* swiftUIDemoApp.swift in Sources */ = {isa = PBXBuildFile; fileRef = 442C41232C57664000E2FDDA /* swiftUIDemoApp.swift */; };
		442C41262C57664000E2FDDA /* ContentView.swift in Sources */ = {isa = PBXBuildFile; fileRef = 442C41252C57664000E2FDDA /* ContentView.swift */; };
		442C41282C57664200E2FDDA /* Assets.xcassets in Resources */ = {isa = PBXBuildFile; fileRef = 442C41272C57664200E2FDDA /* Assets.xcassets */; };
		442C412B2C57664200E2FDDA /* Preview Assets.xcassets in Resources */ = {isa = PBXBuildFile; fileRef = 442C412A2C57664200E2FDDA /* Preview Assets.xcassets */; };
		442C41352C57664200E2FDDA /* swiftUIDemoTests.swift in Sources */ = {isa = PBXBuildFile; fileRef = 442C41342C57664200E2FDDA /* swiftUIDemoTests.swift */; };
		442C413F2C57664200E2FDDA /* swiftUIDemoUITests.swift in Sources */ = {isa = PBXBuildFile; fileRef = 442C413E2C57664200E2FDDA /* swiftUIDemoUITests.swift */; };
		442C41412C57664200E2FDDA /* swiftUIDemoUITestsLaunchTests.swift in Sources */ = {isa = PBXBuildFile; fileRef = 442C41402C57664200E2FDDA /* swiftUIDemoUITestsLaunchTests.swift */; };
		44D15FC32C60CCE500B6B926 /* Waves.swift in Sources */ = {isa = PBXBuildFile; fileRef = 44D15FC22C60CCE500B6B926 /* Waves.swift */; };
		44D15FC52C60D66D00B6B926 /* Joystick.swift in Sources */ = {isa = PBXBuildFile; fileRef = 44D15FC42C60D66D00B6B926 /* Joystick.swift */; };
		44D15FC92C61BC5300B6B926 /* TimerCircle.swift in Sources */ = {isa = PBXBuildFile; fileRef = 44D15FC82C61BC5300B6B926 /* TimerCircle.swift */; };
		44D15FCB2C61C8C700B6B926 /* Drag3D.swift in Sources */ = {isa = PBXBuildFile; fileRef = 44D15FCA2C61C8C700B6B926 /* Drag3D.swift */; };
		44D15FCD2C620D2C00B6B926 /* CircleTypography.swift in Sources */ = {isa = PBXBuildFile; fileRef = 44D15FCC2C620D2C00B6B926 /* CircleTypography.swift */; };
		44D15FCF2C621BCD00B6B926 /* SKScene.swift in Sources */ = {isa = PBXBuildFile; fileRef = 44D15FCE2C621BCD00B6B926 /* SKScene.swift */; };
		44D15FD92C63482E00B6B926 /* PageView.swift in Sources */ = {isa = PBXBuildFile; fileRef = 44D15FD82C63482E00B6B926 /* PageView.swift */; };
		44D15FE82C6368AD00B6B926 /* OffsetInScrollView.swift in Sources */ = {isa = PBXBuildFile; fileRef = 44D15FE72C6368AD00B6B926 /* OffsetInScrollView.swift */; };
		44D15FF12C64976900B6B926 /* ColorfulX in Frameworks */ = {isa = PBXBuildFile; productRef = 44D15FF02C64976900B6B926 /* ColorfulX */; };
/* End PBXBuildFile section */

/* Begin PBXContainerItemProxy section */
		442C41312C57664200E2FDDA /* PBXContainerItemProxy */ = {
			isa = PBXContainerItemProxy;
			containerPortal = 442C41182C57664000E2FDDA /* Project object */;
			proxyType = 1;
			remoteGlobalIDString = 442C411F2C57664000E2FDDA;
			remoteInfo = swiftUIDemo;
		};
		442C413B2C57664200E2FDDA /* PBXContainerItemProxy */ = {
			isa = PBXContainerItemProxy;
			containerPortal = 442C41182C57664000E2FDDA /* Project object */;
			proxyType = 1;
			remoteGlobalIDString = 442C411F2C57664000E2FDDA;
			remoteInfo = swiftUIDemo;
		};
/* End PBXContainerItemProxy section */

/* Begin PBXFileReference section */
		442C41202C57664000E2FDDA /* swiftUIDemo.app */ = {isa = PBXFileReference; explicitFileType = wrapper.application; includeInIndex = 0; path = swiftUIDemo.app; sourceTree = BUILT_PRODUCTS_DIR; };
		442C41232C57664000E2FDDA /* swiftUIDemoApp.swift */ = {isa = PBXFileReference; lastKnownFileType = sourcecode.swift; path = swiftUIDemoApp.swift; sourceTree = "<group>"; };
		442C41252C57664000E2FDDA /* ContentView.swift */ = {isa = PBXFileReference; lastKnownFileType = sourcecode.swift; path = ContentView.swift; sourceTree = "<group>"; };
		442C41272C57664200E2FDDA /* Assets.xcassets */ = {isa = PBXFileReference; lastKnownFileType = folder.assetcatalog; path = Assets.xcassets; sourceTree = "<group>"; };
		442C412A2C57664200E2FDDA /* Preview Assets.xcassets */ = {isa = PBXFileReference; lastKnownFileType = folder.assetcatalog; path = "Preview Assets.xcassets"; sourceTree = "<group>"; };
		442C41302C57664200E2FDDA /* swiftUIDemoTests.xctest */ = {isa = PBXFileReference; explicitFileType = wrapper.cfbundle; includeInIndex = 0; path = swiftUIDemoTests.xctest; sourceTree = BUILT_PRODUCTS_DIR; };
		442C41342C57664200E2FDDA /* swiftUIDemoTests.swift */ = {isa = PBXFileReference; lastKnownFileType = sourcecode.swift; path = swiftUIDemoTests.swift; sourceTree = "<group>"; };
		442C413A2C57664200E2FDDA /* swiftUIDemoUITests.xctest */ = {isa = PBXFileReference; explicitFileType = wrapper.cfbundle; includeInIndex = 0; path = swiftUIDemoUITests.xctest; sourceTree = BUILT_PRODUCTS_DIR; };
		442C413E2C57664200E2FDDA /* swiftUIDemoUITests.swift */ = {isa = PBXFileReference; lastKnownFileType = sourcecode.swift; path = swiftUIDemoUITests.swift; sourceTree = "<group>"; };
		442C41402C57664200E2FDDA /* swiftUIDemoUITestsLaunchTests.swift */ = {isa = PBXFileReference; lastKnownFileType = sourcecode.swift; path = swiftUIDemoUITestsLaunchTests.swift; sourceTree = "<group>"; };
		44D15FC22C60CCE500B6B926 /* Waves.swift */ = {isa = PBXFileReference; lastKnownFileType = sourcecode.swift; path = Waves.swift; sourceTree = "<group>"; };
		44D15FC42C60D66D00B6B926 /* Joystick.swift */ = {isa = PBXFileReference; lastKnownFileType = sourcecode.swift; path = Joystick.swift; sourceTree = "<group>"; };
		44D15FC82C61BC5300B6B926 /* TimerCircle.swift */ = {isa = PBXFileReference; lastKnownFileType = sourcecode.swift; path = TimerCircle.swift; sourceTree = "<group>"; };
		44D15FCA2C61C8C700B6B926 /* Drag3D.swift */ = {isa = PBXFileReference; lastKnownFileType = sourcecode.swift; path = Drag3D.swift; sourceTree = "<group>"; };
		44D15FCC2C620D2C00B6B926 /* CircleTypography.swift */ = {isa = PBXFileReference; lastKnownFileType = sourcecode.swift; path = CircleTypography.swift; sourceTree = "<group>"; };
		44D15FCE2C621BCD00B6B926 /* SKScene.swift */ = {isa = PBXFileReference; lastKnownFileType = sourcecode.swift; path = SKScene.swift; sourceTree = "<group>"; };
		44D15FD82C63482E00B6B926 /* PageView.swift */ = {isa = PBXFileReference; lastKnownFileType = sourcecode.swift; path = PageView.swift; sourceTree = "<group>"; };
		44D15FE72C6368AD00B6B926 /* OffsetInScrollView.swift */ = {isa = PBXFileReference; lastKnownFileType = sourcecode.swift; path = OffsetInScrollView.swift; sourceTree = "<group>"; };
/* End PBXFileReference section */

/* Begin PBXFrameworksBuildPhase section */
		442C411D2C57664000E2FDDA /* Frameworks */ = {
			isa = PBXFrameworksBuildPhase;
			buildActionMask = 2147483647;
			files = (
				44D15FF12C64976900B6B926 /* ColorfulX in Frameworks */,
			);
			runOnlyForDeploymentPostprocessing = 0;
		};
		442C412D2C57664200E2FDDA /* Frameworks */ = {
			isa = PBXFrameworksBuildPhase;
			buildActionMask = 2147483647;
			files = (
			);
			runOnlyForDeploymentPostprocessing = 0;
		};
		442C41372C57664200E2FDDA /* Frameworks */ = {
			isa = PBXFrameworksBuildPhase;
			buildActionMask = 2147483647;
			files = (
			);
			runOnlyForDeploymentPostprocessing = 0;
		};
/* End PBXFrameworksBuildPhase section */

/* Begin PBXGroup section */
		442C41172C57664000E2FDDA = {
			isa = PBXGroup;
			children = (
				442C41222C57664000E2FDDA /* swiftUIDemo */,
				442C41332C57664200E2FDDA /* swiftUIDemoTests */,
				442C413D2C57664200E2FDDA /* swiftUIDemoUITests */,
				442C41212C57664000E2FDDA /* Products */,
			);
			sourceTree = "<group>";
		};
		442C41212C57664000E2FDDA /* Products */ = {
			isa = PBXGroup;
			children = (
				442C41202C57664000E2FDDA /* swiftUIDemo.app */,
				442C41302C57664200E2FDDA /* swiftUIDemoTests.xctest */,
				442C413A2C57664200E2FDDA /* swiftUIDemoUITests.xctest */,
			);
			name = Products;
			sourceTree = "<group>";
		};
		442C41222C57664000E2FDDA /* swiftUIDemo */ = {
			isa = PBXGroup;
			children = (
				442C41232C57664000E2FDDA /* swiftUIDemoApp.swift */,
				44D15FD82C63482E00B6B926 /* PageView.swift */,
				44D15FE72C6368AD00B6B926 /* OffsetInScrollView.swift */,
				44D15FCE2C621BCD00B6B926 /* SKScene.swift */,
				44D15FCC2C620D2C00B6B926 /* CircleTypography.swift */,
				44D15FCA2C61C8C700B6B926 /* Drag3D.swift */,
				44D15FC82C61BC5300B6B926 /* TimerCircle.swift */,
				442C41252C57664000E2FDDA /* ContentView.swift */,
				44D15FC42C60D66D00B6B926 /* Joystick.swift */,
				44D15FC22C60CCE500B6B926 /* Waves.swift */,
				442C41272C57664200E2FDDA /* Assets.xcassets */,
				442C41292C57664200E2FDDA /* Preview Content */,
			);
			path = swiftUIDemo;
			sourceTree = "<group>";
		};
		442C41292C57664200E2FDDA /* Preview Content */ = {
			isa = PBXGroup;
			children = (
				442C412A2C57664200E2FDDA /* Preview Assets.xcassets */,
			);
			path = "Preview Content";
			sourceTree = "<group>";
		};
		442C41332C57664200E2FDDA /* swiftUIDemoTests */ = {
			isa = PBXGroup;
			children = (
				442C41342C57664200E2FDDA /* swiftUIDemoTests.swift */,
			);
			path = swiftUIDemoTests;
			sourceTree = "<group>";
		};
		442C413D2C57664200E2FDDA /* swiftUIDemoUITests */ = {
			isa = PBXGroup;
			children = (
				442C413E2C57664200E2FDDA /* swiftUIDemoUITests.swift */,
				442C41402C57664200E2FDDA /* swiftUIDemoUITestsLaunchTests.swift */,
			);
			path = swiftUIDemoUITests;
			sourceTree = "<group>";
		};
/* End PBXGroup section */

/* Begin PBXNativeTarget section */
		442C411F2C57664000E2FDDA /* swiftUIDemo */ = {
			isa = PBXNativeTarget;
			buildConfigurationList = 442C41442C57664200E2FDDA /* Build configuration list for PBXNativeTarget "swiftUIDemo" */;
			buildPhases = (
				442C411C2C57664000E2FDDA /* Sources */,
				442C411D2C57664000E2FDDA /* Frameworks */,
				442C411E2C57664000E2FDDA /* Resources */,
			);
			buildRules = (
			);
			dependencies = (
			);
			name = swiftUIDemo;
			packageProductDependencies = (
				44D15FF02C64976900B6B926 /* ColorfulX */,
			);
			productName = swiftUIDemo;
			productReference = 442C41202C57664000E2FDDA /* swiftUIDemo.app */;
			productType = "com.apple.product-type.application";
		};
		442C412F2C57664200E2FDDA /* swiftUIDemoTests */ = {
			isa = PBXNativeTarget;
			buildConfigurationList = 442C41472C57664200E2FDDA /* Build configuration list for PBXNativeTarget "swiftUIDemoTests" */;
			buildPhases = (
				442C412C2C57664200E2FDDA /* Sources */,
				442C412D2C57664200E2FDDA /* Frameworks */,
				442C412E2C57664200E2FDDA /* Resources */,
			);
			buildRules = (
			);
			dependencies = (
				442C41322C57664200E2FDDA /* PBXTargetDependency */,
			);
			name = swiftUIDemoTests;
			productName = swiftUIDemoTests;
			productReference = 442C41302C57664200E2FDDA /* swiftUIDemoTests.xctest */;
			productType = "com.apple.product-type.bundle.unit-test";
		};
		442C41392C57664200E2FDDA /* swiftUIDemoUITests */ = {
			isa = PBXNativeTarget;
			buildConfigurationList = 442C414A2C57664200E2FDDA /* Build configuration list for PBXNativeTarget "swiftUIDemoUITests" */;
			buildPhases = (
				442C41362C57664200E2FDDA /* Sources */,
				442C41372C57664200E2FDDA /* Frameworks */,
				442C41382C57664200E2FDDA /* Resources */,
			);
			buildRules = (
			);
			dependencies = (
				442C413C2C57664200E2FDDA /* PBXTargetDependency */,
			);
			name = swiftUIDemoUITests;
			productName = swiftUIDemoUITests;
			productReference = 442C413A2C57664200E2FDDA /* swiftUIDemoUITests.xctest */;
			productType = "com.apple.product-type.bundle.ui-testing";
		};
/* End PBXNativeTarget section */

/* Begin PBXProject section */
		442C41182C57664000E2FDDA /* Project object */ = {
			isa = PBXProject;
			attributes = {
				BuildIndependentTargetsInParallel = 1;
				LastSwiftUpdateCheck = 1520;
				LastUpgradeCheck = 1520;
				TargetAttributes = {
					442C411F2C57664000E2FDDA = {
						CreatedOnToolsVersion = 15.2;
					};
					442C412F2C57664200E2FDDA = {
						CreatedOnToolsVersion = 15.2;
						TestTargetID = 442C411F2C57664000E2FDDA;
					};
					442C41392C57664200E2FDDA = {
						CreatedOnToolsVersion = 15.2;
						TestTargetID = 442C411F2C57664000E2FDDA;
					};
				};
			};
			buildConfigurationList = 442C411B2C57664000E2FDDA /* Build configuration list for PBXProject "swiftUIDemo" */;
			compatibilityVersion = "Xcode 14.0";
			developmentRegion = en;
			hasScannedForEncodings = 0;
			knownRegions = (
				en,
				Base,
			);
			mainGroup = 442C41172C57664000E2FDDA;
			packageReferences = (
				44D15FEF2C64976900B6B926 /* XCRemoteSwiftPackageReference "ColorfulX" */,
			);
			productRefGroup = 442C41212C57664000E2FDDA /* Products */;
			projectDirPath = "";
			projectRoot = "";
			targets = (
				442C411F2C57664000E2FDDA /* swiftUIDemo */,
				442C412F2C57664200E2FDDA /* swiftUIDemoTests */,
				442C41392C57664200E2FDDA /* swiftUIDemoUITests */,
			);
		};
/* End PBXProject section */

/* Begin PBXResourcesBuildPhase section */
		442C411E2C57664000E2FDDA /* Resources */ = {
			isa = PBXResourcesBuildPhase;
			buildActionMask = 2147483647;
			files = (
				442C412B2C57664200E2FDDA /* Preview Assets.xcassets in Resources */,
				442C41282C57664200E2FDDA /* Assets.xcassets in Resources */,
			);
			runOnlyForDeploymentPostprocessing = 0;
		};
		442C412E2C57664200E2FDDA /* Resources */ = {
			isa = PBXResourcesBuildPhase;
			buildActionMask = 2147483647;
			files = (
			);
			runOnlyForDeploymentPostprocessing = 0;
		};
		442C41382C57664200E2FDDA /* Resources */ = {
			isa = PBXResourcesBuildPhase;
			buildActionMask = 2147483647;
			files = (
			);
			runOnlyForDeploymentPostprocessing = 0;
		};
/* End PBXResourcesBuildPhase section */

/* Begin PBXSourcesBuildPhase section */
		442C411C2C57664000E2FDDA /* Sources */ = {
			isa = PBXSourcesBuildPhase;
			buildActionMask = 2147483647;
			files = (
				44D15FCD2C620D2C00B6B926 /* CircleTypography.swift in Sources */,
				44D15FCB2C61C8C700B6B926 /* Drag3D.swift in Sources */,
				442C41262C57664000E2FDDA /* ContentView.swift in Sources */,
				44D15FC52C60D66D00B6B926 /* Joystick.swift in Sources */,
				44D15FCF2C621BCD00B6B926 /* SKScene.swift in Sources */,
				44D15FC92C61BC5300B6B926 /* TimerCircle.swift in Sources */,
				44D15FC32C60CCE500B6B926 /* Waves.swift in Sources */,
				44D15FE82C6368AD00B6B926 /* OffsetInScrollView.swift in Sources */,
				44D15FD92C63482E00B6B926 /* PageView.swift in Sources */,
				442C41242C57664000E2FDDA /* swiftUIDemoApp.swift in Sources */,
			);
			runOnlyForDeploymentPostprocessing = 0;
		};
		442C412C2C57664200E2FDDA /* Sources */ = {
			isa = PBXSourcesBuildPhase;
			buildActionMask = 2147483647;
			files = (
				442C41352C57664200E2FDDA /* swiftUIDemoTests.swift in Sources */,
			);
			runOnlyForDeploymentPostprocessing = 0;
		};
		442C41362C57664200E2FDDA /* Sources */ = {
			isa = PBXSourcesBuildPhase;
			buildActionMask = 2147483647;
			files = (
				442C413F2C57664200E2FDDA /* swiftUIDemoUITests.swift in Sources */,
				442C41412C57664200E2FDDA /* swiftUIDemoUITestsLaunchTests.swift in Sources */,
			);
			runOnlyForDeploymentPostprocessing = 0;
		};
/* End PBXSourcesBuildPhase section */

/* Begin PBXTargetDependency section */
		442C41322C57664200E2FDDA /* PBXTargetDependency */ = {
			isa = PBXTargetDependency;
			target = 442C411F2C57664000E2FDDA /* swiftUIDemo */;
			targetProxy = 442C41312C57664200E2FDDA /* PBXContainerItemProxy */;
		};
		442C413C2C57664200E2FDDA /* PBXTargetDependency */ = {
			isa = PBXTargetDependency;
			target = 442C411F2C57664000E2FDDA /* swiftUIDemo */;
			targetProxy = 442C413B2C57664200E2FDDA /* PBXContainerItemProxy */;
		};
/* End PBXTargetDependency section */

/* Begin XCBuildConfiguration section */
		442C41422C57664200E2FDDA /* Debug */ = {
			isa = XCBuildConfiguration;
			buildSettings = {
				ALWAYS_SEARCH_USER_PATHS = NO;
				ASSETCATALOG_COMPILER_GENERATE_SWIFT_ASSET_SYMBOL_EXTENSIONS = YES;
				CLANG_ANALYZER_NONNULL = YES;
				CLANG_ANALYZER_NUMBER_OBJECT_CONVERSION = YES_AGGRESSIVE;
				CLANG_CXX_LANGUAGE_STANDARD = "gnu++20";
				CLANG_ENABLE_MODULES = YES;
				CLANG_ENABLE_OBJC_ARC = YES;
				CLANG_ENABLE_OBJC_WEAK = YES;
				CLANG_WARN_BLOCK_CAPTURE_AUTORELEASING = YES;
				CLANG_WARN_BOOL_CONVERSION = YES;
				CLANG_WARN_COMMA = YES;
				CLANG_WARN_CONSTANT_CONVERSION = YES;
				CLANG_WARN_DEPRECATED_OBJC_IMPLEMENTATIONS = YES;
				CLANG_WARN_DIRECT_OBJC_ISA_USAGE = YES_ERROR;
				CLANG_WARN_DOCUMENTATION_COMMENTS = YES;
				CLANG_WARN_EMPTY_BODY = YES;
				CLANG_WARN_ENUM_CONVERSION = YES;
				CLANG_WARN_INFINITE_RECURSION = YES;
				CLANG_WARN_INT_CONVERSION = YES;
				CLANG_WARN_NON_LITERAL_NULL_CONVERSION = YES;
				CLANG_WARN_OBJC_IMPLICIT_RETAIN_SELF = YES;
				CLANG_WARN_OBJC_LITERAL_CONVERSION = YES;
				CLANG_WARN_OBJC_ROOT_CLASS = YES_ERROR;
				CLANG_WARN_QUOTED_INCLUDE_IN_FRAMEWORK_HEADER = YES;
				CLANG_WARN_RANGE_LOOP_ANALYSIS = YES;
				CLANG_WARN_STRICT_PROTOTYPES = YES;
				CLANG_WARN_SUSPICIOUS_MOVE = YES;
				CLANG_WARN_UNGUARDED_AVAILABILITY = YES_AGGRESSIVE;
				CLANG_WARN_UNREACHABLE_CODE = YES;
				CLANG_WARN__DUPLICATE_METHOD_MATCH = YES;
				COPY_PHASE_STRIP = NO;
				DEBUG_INFORMATION_FORMAT = dwarf;
				ENABLE_STRICT_OBJC_MSGSEND = YES;
				ENABLE_TESTABILITY = YES;
				ENABLE_USER_SCRIPT_SANDBOXING = YES;
				GCC_C_LANGUAGE_STANDARD = gnu17;
				GCC_DYNAMIC_NO_PIC = NO;
				GCC_NO_COMMON_BLOCKS = YES;
				GCC_OPTIMIZATION_LEVEL = 0;
				GCC_PREPROCESSOR_DEFINITIONS = (
					"DEBUG=1",
					"$(inherited)",
				);
				GCC_WARN_64_TO_32_BIT_CONVERSION = YES;
				GCC_WARN_ABOUT_RETURN_TYPE = YES_ERROR;
				GCC_WARN_UNDECLARED_SELECTOR = YES;
				GCC_WARN_UNINITIALIZED_AUTOS = YES_AGGRESSIVE;
				GCC_WARN_UNUSED_FUNCTION = YES;
				GCC_WARN_UNUSED_VARIABLE = YES;
				IPHONEOS_DEPLOYMENT_TARGET = 17.2;
				LOCALIZATION_PREFERS_STRING_CATALOGS = YES;
				MTL_ENABLE_DEBUG_INFO = INCLUDE_SOURCE;
				MTL_FAST_MATH = YES;
				ONLY_ACTIVE_ARCH = YES;
				SDKROOT = iphoneos;
				SWIFT_ACTIVE_COMPILATION_CONDITIONS = "DEBUG $(inherited)";
				SWIFT_OPTIMIZATION_LEVEL = "-Onone";
			};
			name = Debug;
		};
		442C41432C57664200E2FDDA /* Release */ = {
			isa = XCBuildConfiguration;
			buildSettings = {
				ALWAYS_SEARCH_USER_PATHS = NO;
				ASSETCATALOG_COMPILER_GENERATE_SWIFT_ASSET_SYMBOL_EXTENSIONS = YES;
				CLANG_ANALYZER_NONNULL = YES;
				CLANG_ANALYZER_NUMBER_OBJECT_CONVERSION = YES_AGGRESSIVE;
				CLANG_CXX_LANGUAGE_STANDARD = "gnu++20";
				CLANG_ENABLE_MODULES = YES;
				CLANG_ENABLE_OBJC_ARC = YES;
				CLANG_ENABLE_OBJC_WEAK = YES;
				CLANG_WARN_BLOCK_CAPTURE_AUTORELEASING = YES;
				CLANG_WARN_BOOL_CONVERSION = YES;
				CLANG_WARN_COMMA = YES;
				CLANG_WARN_CONSTANT_CONVERSION = YES;
				CLANG_WARN_DEPRECATED_OBJC_IMPLEMENTATIONS = YES;
				CLANG_WARN_DIRECT_OBJC_ISA_USAGE = YES_ERROR;
				CLANG_WARN_DOCUMENTATION_COMMENTS = YES;
				CLANG_WARN_EMPTY_BODY = YES;
				CLANG_WARN_ENUM_CONVERSION = YES;
				CLANG_WARN_INFINITE_RECURSION = YES;
				CLANG_WARN_INT_CONVERSION = YES;
				CLANG_WARN_NON_LITERAL_NULL_CONVERSION = YES;
				CLANG_WARN_OBJC_IMPLICIT_RETAIN_SELF = YES;
				CLANG_WARN_OBJC_LITERAL_CONVERSION = YES;
				CLANG_WARN_OBJC_ROOT_CLASS = YES_ERROR;
				CLANG_WARN_QUOTED_INCLUDE_IN_FRAMEWORK_HEADER = YES;
				CLANG_WARN_RANGE_LOOP_ANALYSIS = YES;
				CLANG_WARN_STRICT_PROTOTYPES = YES;
				CLANG_WARN_SUSPICIOUS_MOVE = YES;
				CLANG_WARN_UNGUARDED_AVAILABILITY = YES_AGGRESSIVE;
				CLANG_WARN_UNREACHABLE_CODE = YES;
				CLANG_WARN__DUPLICATE_METHOD_MATCH = YES;
				COPY_PHASE_STRIP = NO;
				DEBUG_INFORMATION_FORMAT = "dwarf-with-dsym";
				ENABLE_NS_ASSERTIONS = NO;
				ENABLE_STRICT_OBJC_MSGSEND = YES;
				ENABLE_USER_SCRIPT_SANDBOXING = YES;
				GCC_C_LANGUAGE_STANDARD = gnu17;
				GCC_NO_COMMON_BLOCKS = YES;
				GCC_WARN_64_TO_32_BIT_CONVERSION = YES;
				GCC_WARN_ABOUT_RETURN_TYPE = YES_ERROR;
				GCC_WARN_UNDECLARED_SELECTOR = YES;
				GCC_WARN_UNINITIALIZED_AUTOS = YES_AGGRESSIVE;
				GCC_WARN_UNUSED_FUNCTION = YES;
				GCC_WARN_UNUSED_VARIABLE = YES;
				IPHONEOS_DEPLOYMENT_TARGET = 17.2;
				LOCALIZATION_PREFERS_STRING_CATALOGS = YES;
				MTL_ENABLE_DEBUG_INFO = NO;
				MTL_FAST_MATH = YES;
				SDKROOT = iphoneos;
				SWIFT_COMPILATION_MODE = wholemodule;
				VALIDATE_PRODUCT = YES;
			};
			name = Release;
		};
		442C41452C57664200E2FDDA /* Debug */ = {
			isa = XCBuildConfiguration;
			buildSettings = {
				ASSETCATALOG_COMPILER_APPICON_NAME = AppIcon;
				ASSETCATALOG_COMPILER_GLOBAL_ACCENT_COLOR_NAME = AccentColor;
				CODE_SIGN_STYLE = Automatic;
				CURRENT_PROJECT_VERSION = 1;
				DEVELOPMENT_ASSET_PATHS = "\"swiftUIDemo/Preview Content\"";
				DEVELOPMENT_TEAM = 893DUAC899;
				ENABLE_PREVIEWS = YES;
				GENERATE_INFOPLIST_FILE = YES;
				INFOPLIST_KEY_UIApplicationSceneManifest_Generation = YES;
				INFOPLIST_KEY_UIApplicationSupportsIndirectInputEvents = YES;
				INFOPLIST_KEY_UILaunchScreen_Generation = YES;
				INFOPLIST_KEY_UISupportedInterfaceOrientations_iPad = "UIInterfaceOrientationPortrait UIInterfaceOrientationPortraitUpsideDown UIInterfaceOrientationLandscapeLeft UIInterfaceOrientationLandscapeRight";
				INFOPLIST_KEY_UISupportedInterfaceOrientations_iPhone = "UIInterfaceOrientationPortrait UIInterfaceOrientationLandscapeLeft UIInterfaceOrientationLandscapeRight";
				IPHONEOS_DEPLOYMENT_TARGET = 16.0;
				LD_RUNPATH_SEARCH_PATHS = (
					"$(inherited)",
					"@executable_path/Frameworks",
				);
				MARKETING_VERSION = 1.0;
				PRODUCT_BUNDLE_IDENTIFIER = page222.swiftUIDemo;
				PRODUCT_NAME = "$(TARGET_NAME)";
				SWIFT_EMIT_LOC_STRINGS = YES;
				SWIFT_VERSION = 5.0;
				TARGETED_DEVICE_FAMILY = "1,2";
			};
			name = Debug;
		};
		442C41462C57664200E2FDDA /* Release */ = {
			isa = XCBuildConfiguration;
			buildSettings = {
				ASSETCATALOG_COMPILER_APPICON_NAME = AppIcon;
				ASSETCATALOG_COMPILER_GLOBAL_ACCENT_COLOR_NAME = AccentColor;
				CODE_SIGN_STYLE = Automatic;
				CURRENT_PROJECT_VERSION = 1;
				DEVELOPMENT_ASSET_PATHS = "\"swiftUIDemo/Preview Content\"";
				DEVELOPMENT_TEAM = 893DUAC899;
				ENABLE_PREVIEWS = YES;
				GENERATE_INFOPLIST_FILE = YES;
				INFOPLIST_KEY_UIApplicationSceneManifest_Generation = YES;
				INFOPLIST_KEY_UIApplicationSupportsIndirectInputEvents = YES;
				INFOPLIST_KEY_UILaunchScreen_Generation = YES;
				INFOPLIST_KEY_UISupportedInterfaceOrientations_iPad = "UIInterfaceOrientationPortrait UIInterfaceOrientationPortraitUpsideDown UIInterfaceOrientationLandscapeLeft UIInterfaceOrientationLandscapeRight";
				INFOPLIST_KEY_UISupportedInterfaceOrientations_iPhone = "UIInterfaceOrientationPortrait UIInterfaceOrientationLandscapeLeft UIInterfaceOrientationLandscapeRight";
				IPHONEOS_DEPLOYMENT_TARGET = 16.0;
				LD_RUNPATH_SEARCH_PATHS = (
					"$(inherited)",
					"@executable_path/Frameworks",
				);
				MARKETING_VERSION = 1.0;
				PRODUCT_BUNDLE_IDENTIFIER = page222.swiftUIDemo;
				PRODUCT_NAME = "$(TARGET_NAME)";
				SWIFT_EMIT_LOC_STRINGS = YES;
				SWIFT_VERSION = 5.0;
				TARGETED_DEVICE_FAMILY = "1,2";
			};
			name = Release;
		};
		442C41482C57664200E2FDDA /* Debug */ = {
			isa = XCBuildConfiguration;
			buildSettings = {
				ALWAYS_EMBED_SWIFT_STANDARD_LIBRARIES = YES;
				BUNDLE_LOADER = "$(TEST_HOST)";
				CODE_SIGN_STYLE = Automatic;
				CURRENT_PROJECT_VERSION = 1;
				DEVELOPMENT_TEAM = 893DUAC899;
				GENERATE_INFOPLIST_FILE = YES;
				IPHONEOS_DEPLOYMENT_TARGET = 17.2;
				MARKETING_VERSION = 1.0;
				PRODUCT_BUNDLE_IDENTIFIER = page222.swiftUIDemoTests;
				PRODUCT_NAME = "$(TARGET_NAME)";
				SWIFT_EMIT_LOC_STRINGS = NO;
				SWIFT_VERSION = 5.0;
				TARGETED_DEVICE_FAMILY = "1,2";
				TEST_HOST = "$(BUILT_PRODUCTS_DIR)/swiftUIDemo.app/$(BUNDLE_EXECUTABLE_FOLDER_PATH)/swiftUIDemo";
			};
			name = Debug;
		};
		442C41492C57664200E2FDDA /* Release */ = {
			isa = XCBuildConfiguration;
			buildSettings = {
				ALWAYS_EMBED_SWIFT_STANDARD_LIBRARIES = YES;
				BUNDLE_LOADER = "$(TEST_HOST)";
				CODE_SIGN_STYLE = Automatic;
				CURRENT_PROJECT_VERSION = 1;
				DEVELOPMENT_TEAM = 893DUAC899;
				GENERATE_INFOPLIST_FILE = YES;
				IPHONEOS_DEPLOYMENT_TARGET = 17.2;
				MARKETING_VERSION = 1.0;
				PRODUCT_BUNDLE_IDENTIFIER = page222.swiftUIDemoTests;
				PRODUCT_NAME = "$(TARGET_NAME)";
				SWIFT_EMIT_LOC_STRINGS = NO;
				SWIFT_VERSION = 5.0;
				TARGETED_DEVICE_FAMILY = "1,2";
				TEST_HOST = "$(BUILT_PRODUCTS_DIR)/swiftUIDemo.app/$(BUNDLE_EXECUTABLE_FOLDER_PATH)/swiftUIDemo";
			};
			name = Release;
		};
		442C414B2C57664200E2FDDA /* Debug */ = {
			isa = XCBuildConfiguration;
			buildSettings = {
				ALWAYS_EMBED_SWIFT_STANDARD_LIBRARIES = YES;
				CODE_SIGN_STYLE = Automatic;
				CURRENT_PROJECT_VERSION = 1;
				DEVELOPMENT_TEAM = 893DUAC899;
				GENERATE_INFOPLIST_FILE = YES;
				MARKETING_VERSION = 1.0;
				PRODUCT_BUNDLE_IDENTIFIER = page222.swiftUIDemoUITests;
				PRODUCT_NAME = "$(TARGET_NAME)";
				SWIFT_EMIT_LOC_STRINGS = NO;
				SWIFT_VERSION = 5.0;
				TARGETED_DEVICE_FAMILY = "1,2";
				TEST_TARGET_NAME = swiftUIDemo;
			};
			name = Debug;
		};
		442C414C2C57664200E2FDDA /* Release */ = {
			isa = XCBuildConfiguration;
			buildSettings = {
				ALWAYS_EMBED_SWIFT_STANDARD_LIBRARIES = YES;
				CODE_SIGN_STYLE = Automatic;
				CURRENT_PROJECT_VERSION = 1;
				DEVELOPMENT_TEAM = 893DUAC899;
				GENERATE_INFOPLIST_FILE = YES;
				MARKETING_VERSION = 1.0;
				PRODUCT_BUNDLE_IDENTIFIER = page222.swiftUIDemoUITests;
				PRODUCT_NAME = "$(TARGET_NAME)";
				SWIFT_EMIT_LOC_STRINGS = NO;
				SWIFT_VERSION = 5.0;
				TARGETED_DEVICE_FAMILY = "1,2";
				TEST_TARGET_NAME = swiftUIDemo;
			};
			name = Release;
		};
/* End XCBuildConfiguration section */

/* Begin XCConfigurationList section */
		442C411B2C57664000E2FDDA /* Build configuration list for PBXProject "swiftUIDemo" */ = {
			isa = XCConfigurationList;
			buildConfigurations = (
				442C41422C57664200E2FDDA /* Debug */,
				442C41432C57664200E2FDDA /* Release */,
			);
			defaultConfigurationIsVisible = 0;
			defaultConfigurationName = Release;
		};
		442C41442C57664200E2FDDA /* Build configuration list for PBXNativeTarget "swiftUIDemo" */ = {
			isa = XCConfigurationList;
			buildConfigurations = (
				442C41452C57664200E2FDDA /* Debug */,
				442C41462C57664200E2FDDA /* Release */,
			);
			defaultConfigurationIsVisible = 0;
			defaultConfigurationName = Release;
		};
		442C41472C57664200E2FDDA /* Build configuration list for PBXNativeTarget "swiftUIDemoTests" */ = {
			isa = XCConfigurationList;
			buildConfigurations = (
				442C41482C57664200E2FDDA /* Debug */,
				442C41492C57664200E2FDDA /* Release */,
			);
			defaultConfigurationIsVisible = 0;
			defaultConfigurationName = Release;
		};
		442C414A2C57664200E2FDDA /* Build configuration list for PBXNativeTarget "swiftUIDemoUITests" */ = {
			isa = XCConfigurationList;
			buildConfigurations = (
				442C414B2C57664200E2FDDA /* Debug */,
				442C414C2C57664200E2FDDA /* Release */,
			);
			defaultConfigurationIsVisible = 0;
			defaultConfigurationName = Release;
		};
/* End XCConfigurationList section */

/* Begin XCRemoteSwiftPackageReference section */
		44D15FEF2C64976900B6B926 /* XCRemoteSwiftPackageReference "ColorfulX" */ = {
			isa = XCRemoteSwiftPackageReference;
			repositoryURL = "https://github.com/Lakr233/ColorfulX";
			requirement = {
				kind = upToNextMajorVersion;
				minimumVersion = 4.1.5;
			};
		};
/* End XCRemoteSwiftPackageReference section */

/* Begin XCSwiftPackageProductDependency section */
		44D15FF02C64976900B6B926 /* ColorfulX */ = {
			isa = XCSwiftPackageProductDependency;
			package = 44D15FEF2C64976900B6B926 /* XCRemoteSwiftPackageReference "ColorfulX" */;
			productName = ColorfulX;
		};
/* End XCSwiftPackageProductDependency section */
	};
	rootObject = 442C41182C57664000E2FDDA /* Project object */;
}
