// !$*UTF8*$!
{
	archiveVersion = 1;
	classes = {
	};
	objectVersion = 56;
	objects = {

/* Begin PBXBuildFile section */
		4418DEF12C85809100A893A1 /* ToggleStyleDemo.swift in Sources */ = {isa = PBXBuildFile; fileRef = 4418DEF02C85809100A893A1 /* ToggleStyleDemo.swift */; };
		4418DEF32C86A99200A893A1 /* ZYToggle.swift in Sources */ = {isa = PBXBuildFile; fileRef = 4418DEF22C86A99200A893A1 /* ZYToggle.swift */; };
		4418DEF52C86B8D400A893A1 /* SetTimeLongPage.swift in Sources */ = {isa = PBXBuildFile; fileRef = 4418DEF42C86B8D400A893A1 /* SetTimeLongPage.swift */; };
		442C41242C57664000E2FDDA /* swiftUIDemoApp.swift in Sources */ = {isa = PBXBuildFile; fileRef = 442C41232C57664000E2FDDA /* swiftUIDemoApp.swift */; };
		442C41262C57664000E2FDDA /* ContentView.swift in Sources */ = {isa = PBXBuildFile; fileRef = 442C41252C57664000E2FDDA /* ContentView.swift */; };
		442C41282C57664200E2FDDA /* Assets.xcassets in Resources */ = {isa = PBXBuildFile; fileRef = 442C41272C57664200E2FDDA /* Assets.xcassets */; };
		442C412B2C57664200E2FDDA /* Preview Assets.xcassets in Resources */ = {isa = PBXBuildFile; fileRef = 442C412A2C57664200E2FDDA /* Preview Assets.xcassets */; };
		442C41352C57664200E2FDDA /* swiftUIDemoTests.swift in Sources */ = {isa = PBXBuildFile; fileRef = 442C41342C57664200E2FDDA /* swiftUIDemoTests.swift */; };
		442C413F2C57664200E2FDDA /* swiftUIDemoUITests.swift in Sources */ = {isa = PBXBuildFile; fileRef = 442C413E2C57664200E2FDDA /* swiftUIDemoUITests.swift */; };
		442C41412C57664200E2FDDA /* swiftUIDemoUITestsLaunchTests.swift in Sources */ = {isa = PBXBuildFile; fileRef = 442C41402C57664200E2FDDA /* swiftUIDemoUITestsLaunchTests.swift */; };
		4432F3BD2C6F3A39006A03D4 /* MySettingPage.swift in Sources */ = {isa = PBXBuildFile; fileRef = 4432F3BC2C6F3A39006A03D4 /* MySettingPage.swift */; };
		4432F3BF2C6F3B16006A03D4 /* BuyVIPPage.swift in Sources */ = {isa = PBXBuildFile; fileRef = 4432F3BE2C6F3B16006A03D4 /* BuyVIPPage.swift */; };
		4432F3C12C731C78006A03D4 /* ModeSettingPage.swift in Sources */ = {isa = PBXBuildFile; fileRef = 4432F3C02C731C78006A03D4 /* ModeSettingPage.swift */; };
		4432F3C32C734422006A03D4 /* AddCycleTimePage.swift in Sources */ = {isa = PBXBuildFile; fileRef = 4432F3C22C734422006A03D4 /* AddCycleTimePage.swift */; };
		4452359F2C7727CC0071483E /* DemoHomePage.swift in Sources */ = {isa = PBXBuildFile; fileRef = 4452359E2C7727CC0071483E /* DemoHomePage.swift */; };
		445235A22C7744460071483E /* ColorfulX in Frameworks */ = {isa = PBXBuildFile; productRef = 445235A12C7744460071483E /* ColorfulX */; };
		445235B32C7833A00071483E /* Tube.swift in Sources */ = {isa = PBXBuildFile; fileRef = 445235B22C7833A00071483E /* Tube.swift */; };
		445235B52C7C4D8F0071483E /* FullTimePage.swift in Sources */ = {isa = PBXBuildFile; fileRef = 445235B42C7C4D8F0071483E /* FullTimePage.swift */; };
		445235B82C7C72010071483E /* AxisSheet in Frameworks */ = {isa = PBXBuildFile; productRef = 445235B72C7C72010071483E /* AxisSheet */; };
		445235BA2C7C723A0071483E /* AxisSheetDemo.swift in Sources */ = {isa = PBXBuildFile; fileRef = 445235B92C7C723A0071483E /* AxisSheetDemo.swift */; };
		445235BD2C7C88150071483E /* SlideButton in Frameworks */ = {isa = PBXBuildFile; productRef = 445235BC2C7C88150071483E /* SlideButton */; };
		445235BF2C7D6F4D0071483E /* RollingTextView.swift in Sources */ = {isa = PBXBuildFile; fileRef = 445235BE2C7D6F4D0071483E /* RollingTextView.swift */; };
		445235C12C7DB44E0071483E /* ModeListPage.swift in Sources */ = {isa = PBXBuildFile; fileRef = 445235C02C7DB44E0071483E /* ModeListPage.swift */; };
		445235C32C7DB7800071483E /* HoldDownButton.swift in Sources */ = {isa = PBXBuildFile; fileRef = 445235C22C7DB7800071483E /* HoldDownButton.swift */; };
		445235CD2C7DDC360071483E /* SlidingRuler in Frameworks */ = {isa = PBXBuildFile; productRef = 445235CC2C7DDC360071483E /* SlidingRuler */; };
		445235CF2C7F165D0071483E /* FullWavesPage.swift in Sources */ = {isa = PBXBuildFile; fileRef = 445235CE2C7F165D0071483E /* FullWavesPage.swift */; };
		445235D12C8047C10071483E /* ModeHomeListPage.swift in Sources */ = {isa = PBXBuildFile; fileRef = 445235D02C8047C10071483E /* ModeHomeListPage.swift */; };
		445235D32C807A460071483E /* IMSeitch.swift in Sources */ = {isa = PBXBuildFile; fileRef = 445235D22C807A460071483E /* IMSeitch.swift */; };
		449019052C64B63300A01C92 /* UmbrellaView.swift in Sources */ = {isa = PBXBuildFile; fileRef = 449019042C64B63300A01C92 /* UmbrellaView.swift */; };
		449019092C69AA4800A01C92 /* TimeModeMainPage.swift in Sources */ = {isa = PBXBuildFile; fileRef = 449019082C69AA4800A01C92 /* TimeModeMainPage.swift */; };
		44A955D02C7434280045E2B3 /* PasswordButton.swift in Sources */ = {isa = PBXBuildFile; fileRef = 44A955CA2C7434270045E2B3 /* PasswordButton.swift */; };
		44A955D12C7434280045E2B3 /* PasswordView.swift in Sources */ = {isa = PBXBuildFile; fileRef = 44A955CB2C7434270045E2B3 /* PasswordView.swift */; };
		44A955D22C7434280045E2B3 /* ResetPasswordPage.swift in Sources */ = {isa = PBXBuildFile; fileRef = 44A955CC2C7434270045E2B3 /* ResetPasswordPage.swift */; };
		44A955D42C7434280045E2B3 /* LockedPageView.swift in Sources */ = {isa = PBXBuildFile; fileRef = 44A955CE2C7434280045E2B3 /* LockedPageView.swift */; };
		44A955D52C7434280045E2B3 /* FaceIDOpenPage.swift in Sources */ = {isa = PBXBuildFile; fileRef = 44A955CF2C7434280045E2B3 /* FaceIDOpenPage.swift */; };
		44A955D72C7441A50045E2B3 /* AddModeNamePage.swift in Sources */ = {isa = PBXBuildFile; fileRef = 44A955D62C7441A50045E2B3 /* AddModeNamePage.swift */; };
		44A955DA2C7465C40045E2B3 /* MCEmojiPicker in Frameworks */ = {isa = PBXBuildFile; productRef = 44A955D92C7465C40045E2B3 /* MCEmojiPicker */; };
		44A955DC2C7494550045E2B3 /* ConfettiView.swift in Sources */ = {isa = PBXBuildFile; fileRef = 44A955DB2C7494550045E2B3 /* ConfettiView.swift */; };
		44A955E02C749F210045E2B3 /* TextFloatView.swift in Sources */ = {isa = PBXBuildFile; fileRef = 44A955DF2C749F210045E2B3 /* TextFloatView.swift */; };
		44D15FC32C60CCE500B6B926 /* Waves.swift in Sources */ = {isa = PBXBuildFile; fileRef = 44D15FC22C60CCE500B6B926 /* Waves.swift */; };
		44D15FC52C60D66D00B6B926 /* Joystick.swift in Sources */ = {isa = PBXBuildFile; fileRef = 44D15FC42C60D66D00B6B926 /* Joystick.swift */; };
		44D15FC92C61BC5300B6B926 /* TimerCircle.swift in Sources */ = {isa = PBXBuildFile; fileRef = 44D15FC82C61BC5300B6B926 /* TimerCircle.swift */; };
		44D15FCB2C61C8C700B6B926 /* Drag3D.swift in Sources */ = {isa = PBXBuildFile; fileRef = 44D15FCA2C61C8C700B6B926 /* Drag3D.swift */; };
		44D15FCD2C620D2C00B6B926 /* CircleTypography.swift in Sources */ = {isa = PBXBuildFile; fileRef = 44D15FCC2C620D2C00B6B926 /* CircleTypography.swift */; };
		44D15FCF2C621BCD00B6B926 /* SKScene.swift in Sources */ = {isa = PBXBuildFile; fileRef = 44D15FCE2C621BCD00B6B926 /* SKScene.swift */; };
		44D15FD92C63482E00B6B926 /* FlowingColorView.swift in Sources */ = {isa = PBXBuildFile; fileRef = 44D15FD82C63482E00B6B926 /* FlowingColorView.swift */; };
		44D15FE82C6368AD00B6B926 /* OffsetInScrollView.swift in Sources */ = {isa = PBXBuildFile; fileRef = 44D15FE72C6368AD00B6B926 /* OffsetInScrollView.swift */; };
		44D1B9242C6A118300D1054D /* AnimateText in Frameworks */ = {isa = PBXBuildFile; productRef = 44D1B9232C6A118300D1054D /* AnimateText */; };
		44D1B9262C6A11DB00D1054D /* ZYAnimateText.swift in Sources */ = {isa = PBXBuildFile; fileRef = 44D1B9252C6A11DB00D1054D /* ZYAnimateText.swift */; };
		E5D453572C737F0800CC0693 /* ModeLockView.swift in Sources */ = {isa = PBXBuildFile; fileRef = E5D453562C737F0800CC0693 /* ModeLockView.swift */; };
/* End PBXBuildFile section */

/* Begin PBXContainerItemProxy section */
		442C41312C57664200E2FDDA /* PBXContainerItemProxy */ = {
			isa = PBXContainerItemProxy;
			containerPortal = 442C41182C57664000E2FDDA /* Project object */;
			proxyType = 1;
			remoteGlobalIDString = 442C411F2C57664000E2FDDA;
			remoteInfo = swiftUIDemo;
		};
		442C413B2C57664200E2FDDA /* PBXContainerItemProxy */ = {
			isa = PBXContainerItemProxy;
			containerPortal = 442C41182C57664000E2FDDA /* Project object */;
			proxyType = 1;
			remoteGlobalIDString = 442C411F2C57664000E2FDDA;
			remoteInfo = swiftUIDemo;
		};
/* End PBXContainerItemProxy section */

/* Begin PBXFileReference section */
		4418DEF02C85809100A893A1 /* ToggleStyleDemo.swift */ = {isa = PBXFileReference; lastKnownFileType = sourcecode.swift; path = ToggleStyleDemo.swift; sourceTree = "<group>"; };
		4418DEF22C86A99200A893A1 /* ZYToggle.swift */ = {isa = PBXFileReference; lastKnownFileType = sourcecode.swift; path = ZYToggle.swift; sourceTree = "<group>"; };
		4418DEF42C86B8D400A893A1 /* SetTimeLongPage.swift */ = {isa = PBXFileReference; fileEncoding = 4; lastKnownFileType = sourcecode.swift; path = SetTimeLongPage.swift; sourceTree = "<group>"; };
		442C41202C57664000E2FDDA /* swiftUIDemo.app */ = {isa = PBXFileReference; explicitFileType = wrapper.application; includeInIndex = 0; path = swiftUIDemo.app; sourceTree = BUILT_PRODUCTS_DIR; };
		442C41232C57664000E2FDDA /* swiftUIDemoApp.swift */ = {isa = PBXFileReference; lastKnownFileType = sourcecode.swift; path = swiftUIDemoApp.swift; sourceTree = "<group>"; };
		442C41252C57664000E2FDDA /* ContentView.swift */ = {isa = PBXFileReference; lastKnownFileType = sourcecode.swift; path = ContentView.swift; sourceTree = "<group>"; };
		442C41272C57664200E2FDDA /* Assets.xcassets */ = {isa = PBXFileReference; lastKnownFileType = folder.assetcatalog; path = Assets.xcassets; sourceTree = "<group>"; };
		442C412A2C57664200E2FDDA /* Preview Assets.xcassets */ = {isa = PBXFileReference; lastKnownFileType = folder.assetcatalog; path = "Preview Assets.xcassets"; sourceTree = "<group>"; };
		442C41302C57664200E2FDDA /* swiftUIDemoTests.xctest */ = {isa = PBXFileReference; explicitFileType = wrapper.cfbundle; includeInIndex = 0; path = swiftUIDemoTests.xctest; sourceTree = BUILT_PRODUCTS_DIR; };
		442C41342C57664200E2FDDA /* swiftUIDemoTests.swift */ = {isa = PBXFileReference; lastKnownFileType = sourcecode.swift; path = swiftUIDemoTests.swift; sourceTree = "<group>"; };
		442C413A2C57664200E2FDDA /* swiftUIDemoUITests.xctest */ = {isa = PBXFileReference; explicitFileType = wrapper.cfbundle; includeInIndex = 0; path = swiftUIDemoUITests.xctest; sourceTree = BUILT_PRODUCTS_DIR; };
		442C413E2C57664200E2FDDA /* swiftUIDemoUITests.swift */ = {isa = PBXFileReference; lastKnownFileType = sourcecode.swift; path = swiftUIDemoUITests.swift; sourceTree = "<group>"; };
		442C41402C57664200E2FDDA /* swiftUIDemoUITestsLaunchTests.swift */ = {isa = PBXFileReference; lastKnownFileType = sourcecode.swift; path = swiftUIDemoUITestsLaunchTests.swift; sourceTree = "<group>"; };
		4432F3BC2C6F3A39006A03D4 /* MySettingPage.swift */ = {isa = PBXFileReference; lastKnownFileType = sourcecode.swift; path = MySettingPage.swift; sourceTree = "<group>"; };
		4432F3BE2C6F3B16006A03D4 /* BuyVIPPage.swift */ = {isa = PBXFileReference; lastKnownFileType = sourcecode.swift; path = BuyVIPPage.swift; sourceTree = "<group>"; };
		4432F3C02C731C78006A03D4 /* ModeSettingPage.swift */ = {isa = PBXFileReference; lastKnownFileType = sourcecode.swift; path = ModeSettingPage.swift; sourceTree = "<group>"; };
		4432F3C22C734422006A03D4 /* AddCycleTimePage.swift */ = {isa = PBXFileReference; lastKnownFileType = sourcecode.swift; path = AddCycleTimePage.swift; sourceTree = "<group>"; };
		4452359E2C7727CC0071483E /* DemoHomePage.swift */ = {isa = PBXFileReference; lastKnownFileType = sourcecode.swift; path = DemoHomePage.swift; sourceTree = "<group>"; };
		445235B22C7833A00071483E /* Tube.swift */ = {isa = PBXFileReference; lastKnownFileType = sourcecode.swift; path = Tube.swift; sourceTree = "<group>"; };
		445235B42C7C4D8F0071483E /* FullTimePage.swift */ = {isa = PBXFileReference; lastKnownFileType = sourcecode.swift; path = FullTimePage.swift; sourceTree = "<group>"; };
		445235B92C7C723A0071483E /* AxisSheetDemo.swift */ = {isa = PBXFileReference; lastKnownFileType = sourcecode.swift; path = AxisSheetDemo.swift; sourceTree = "<group>"; };
		445235BE2C7D6F4D0071483E /* RollingTextView.swift */ = {isa = PBXFileReference; lastKnownFileType = sourcecode.swift; path = RollingTextView.swift; sourceTree = "<group>"; };
		445235C02C7DB44E0071483E /* ModeListPage.swift */ = {isa = PBXFileReference; lastKnownFileType = sourcecode.swift; path = ModeListPage.swift; sourceTree = "<group>"; };
		445235C22C7DB7800071483E /* HoldDownButton.swift */ = {isa = PBXFileReference; lastKnownFileType = sourcecode.swift; path = HoldDownButton.swift; sourceTree = "<group>"; };
		445235CE2C7F165D0071483E /* FullWavesPage.swift */ = {isa = PBXFileReference; lastKnownFileType = sourcecode.swift; path = FullWavesPage.swift; sourceTree = "<group>"; };
		445235D02C8047C10071483E /* ModeHomeListPage.swift */ = {isa = PBXFileReference; lastKnownFileType = sourcecode.swift; path = ModeHomeListPage.swift; sourceTree = "<group>"; };
		445235D22C807A460071483E /* IMSeitch.swift */ = {isa = PBXFileReference; lastKnownFileType = sourcecode.swift; path = IMSeitch.swift; sourceTree = "<group>"; };
		449019042C64B63300A01C92 /* UmbrellaView.swift */ = {isa = PBXFileReference; lastKnownFileType = sourcecode.swift; path = UmbrellaView.swift; sourceTree = "<group>"; };
		449019082C69AA4800A01C92 /* TimeModeMainPage.swift */ = {isa = PBXFileReference; lastKnownFileType = sourcecode.swift; path = TimeModeMainPage.swift; sourceTree = "<group>"; };
		44A955CA2C7434270045E2B3 /* PasswordButton.swift */ = {isa = PBXFileReference; fileEncoding = 4; lastKnownFileType = sourcecode.swift; path = PasswordButton.swift; sourceTree = "<group>"; };
		44A955CB2C7434270045E2B3 /* PasswordView.swift */ = {isa = PBXFileReference; fileEncoding = 4; lastKnownFileType = sourcecode.swift; path = PasswordView.swift; sourceTree = "<group>"; };
		44A955CC2C7434270045E2B3 /* ResetPasswordPage.swift */ = {isa = PBXFileReference; fileEncoding = 4; lastKnownFileType = sourcecode.swift; path = ResetPasswordPage.swift; sourceTree = "<group>"; };
		44A955CE2C7434280045E2B3 /* LockedPageView.swift */ = {isa = PBXFileReference; fileEncoding = 4; lastKnownFileType = sourcecode.swift; path = LockedPageView.swift; sourceTree = "<group>"; };
		44A955CF2C7434280045E2B3 /* FaceIDOpenPage.swift */ = {isa = PBXFileReference; fileEncoding = 4; lastKnownFileType = sourcecode.swift; path = FaceIDOpenPage.swift; sourceTree = "<group>"; };
		44A955D62C7441A50045E2B3 /* AddModeNamePage.swift */ = {isa = PBXFileReference; lastKnownFileType = sourcecode.swift; path = AddModeNamePage.swift; sourceTree = "<group>"; };
		44A955DB2C7494550045E2B3 /* ConfettiView.swift */ = {isa = PBXFileReference; lastKnownFileType = sourcecode.swift; path = ConfettiView.swift; sourceTree = "<group>"; };
		44A955DF2C749F210045E2B3 /* TextFloatView.swift */ = {isa = PBXFileReference; lastKnownFileType = sourcecode.swift; path = TextFloatView.swift; sourceTree = "<group>"; };
		44D15FC22C60CCE500B6B926 /* Waves.swift */ = {isa = PBXFileReference; lastKnownFileType = sourcecode.swift; path = Waves.swift; sourceTree = "<group>"; };
		44D15FC42C60D66D00B6B926 /* Joystick.swift */ = {isa = PBXFileReference; lastKnownFileType = sourcecode.swift; path = Joystick.swift; sourceTree = "<group>"; };
		44D15FC82C61BC5300B6B926 /* TimerCircle.swift */ = {isa = PBXFileReference; lastKnownFileType = sourcecode.swift; path = TimerCircle.swift; sourceTree = "<group>"; };
		44D15FCA2C61C8C700B6B926 /* Drag3D.swift */ = {isa = PBXFileReference; lastKnownFileType = sourcecode.swift; path = Drag3D.swift; sourceTree = "<group>"; };
		44D15FCC2C620D2C00B6B926 /* CircleTypography.swift */ = {isa = PBXFileReference; lastKnownFileType = sourcecode.swift; path = CircleTypography.swift; sourceTree = "<group>"; };
		44D15FCE2C621BCD00B6B926 /* SKScene.swift */ = {isa = PBXFileReference; lastKnownFileType = sourcecode.swift; path = SKScene.swift; sourceTree = "<group>"; };
		44D15FD82C63482E00B6B926 /* FlowingColorView.swift */ = {isa = PBXFileReference; lastKnownFileType = sourcecode.swift; path = FlowingColorView.swift; sourceTree = "<group>"; };
		44D15FE72C6368AD00B6B926 /* OffsetInScrollView.swift */ = {isa = PBXFileReference; lastKnownFileType = sourcecode.swift; path = OffsetInScrollView.swift; sourceTree = "<group>"; };
		44D1B9252C6A11DB00D1054D /* ZYAnimateText.swift */ = {isa = PBXFileReference; lastKnownFileType = sourcecode.swift; path = ZYAnimateText.swift; sourceTree = "<group>"; };
		E5D453562C737F0800CC0693 /* ModeLockView.swift */ = {isa = PBXFileReference; lastKnownFileType = sourcecode.swift; path = ModeLockView.swift; sourceTree = "<group>"; };
/* End PBXFileReference section */

/* Begin PBXFrameworksBuildPhase section */
		442C411D2C57664000E2FDDA /* Frameworks */ = {
			isa = PBXFrameworksBuildPhase;
			buildActionMask = 2147483647;
			files = (
				445235BD2C7C88150071483E /* SlideButton in Frameworks */,
				44D1B9242C6A118300D1054D /* AnimateText in Frameworks */,
				445235CD2C7DDC360071483E /* SlidingRuler in Frameworks */,
				445235A22C7744460071483E /* ColorfulX in Frameworks */,
				44A955DA2C7465C40045E2B3 /* MCEmojiPicker in Frameworks */,
				445235B82C7C72010071483E /* AxisSheet in Frameworks */,
			);
			runOnlyForDeploymentPostprocessing = 0;
		};
		442C412D2C57664200E2FDDA /* Frameworks */ = {
			isa = PBXFrameworksBuildPhase;
			buildActionMask = 2147483647;
			files = (
			);
			runOnlyForDeploymentPostprocessing = 0;
		};
		442C41372C57664200E2FDDA /* Frameworks */ = {
			isa = PBXFrameworksBuildPhase;
			buildActionMask = 2147483647;
			files = (
			);
			runOnlyForDeploymentPostprocessing = 0;
		};
/* End PBXFrameworksBuildPhase section */

/* Begin PBXGroup section */
		442C41172C57664000E2FDDA = {
			isa = PBXGroup;
			children = (
				442C41222C57664000E2FDDA /* swiftUIDemo */,
				442C41332C57664200E2FDDA /* swiftUIDemoTests */,
				442C413D2C57664200E2FDDA /* swiftUIDemoUITests */,
				442C41212C57664000E2FDDA /* Products */,
			);
			sourceTree = "<group>";
		};
		442C41212C57664000E2FDDA /* Products */ = {
			isa = PBXGroup;
			children = (
				442C41202C57664000E2FDDA /* swiftUIDemo.app */,
				442C41302C57664200E2FDDA /* swiftUIDemoTests.xctest */,
				442C413A2C57664200E2FDDA /* swiftUIDemoUITests.xctest */,
			);
			name = Products;
			sourceTree = "<group>";
		};
		442C41222C57664000E2FDDA /* swiftUIDemo */ = {
			isa = PBXGroup;
			children = (
				4432F3BB2C6F3A01006A03D4 /* APPPage */,
				442C41232C57664000E2FDDA /* swiftUIDemoApp.swift */,
				4452359E2C7727CC0071483E /* DemoHomePage.swift */,
				4418DEF02C85809100A893A1 /* ToggleStyleDemo.swift */,
				445235BE2C7D6F4D0071483E /* RollingTextView.swift */,
				445235B22C7833A00071483E /* Tube.swift */,
				445235D22C807A460071483E /* IMSeitch.swift */,
				449019042C64B63300A01C92 /* UmbrellaView.swift */,
				44D15FD82C63482E00B6B926 /* FlowingColorView.swift */,
				44D15FE72C6368AD00B6B926 /* OffsetInScrollView.swift */,
				44D15FCE2C621BCD00B6B926 /* SKScene.swift */,
				44D15FCC2C620D2C00B6B926 /* CircleTypography.swift */,
				44D15FCA2C61C8C700B6B926 /* Drag3D.swift */,
				44D15FC82C61BC5300B6B926 /* TimerCircle.swift */,
				442C41252C57664000E2FDDA /* ContentView.swift */,
				44D15FC42C60D66D00B6B926 /* Joystick.swift */,
				44D15FC22C60CCE500B6B926 /* Waves.swift */,
				44D1B9252C6A11DB00D1054D /* ZYAnimateText.swift */,
				44A955DB2C7494550045E2B3 /* ConfettiView.swift */,
				44A955DF2C749F210045E2B3 /* TextFloatView.swift */,
				445235B92C7C723A0071483E /* AxisSheetDemo.swift */,
				445235C02C7DB44E0071483E /* ModeListPage.swift */,
				445235C22C7DB7800071483E /* HoldDownButton.swift */,
				442C41272C57664200E2FDDA /* Assets.xcassets */,
				442C41292C57664200E2FDDA /* Preview Content */,
			);
			path = swiftUIDemo;
			sourceTree = "<group>";
		};
		442C41292C57664200E2FDDA /* Preview Content */ = {
			isa = PBXGroup;
			children = (
				442C412A2C57664200E2FDDA /* Preview Assets.xcassets */,
			);
			path = "Preview Content";
			sourceTree = "<group>";
		};
		442C41332C57664200E2FDDA /* swiftUIDemoTests */ = {
			isa = PBXGroup;
			children = (
				442C41342C57664200E2FDDA /* swiftUIDemoTests.swift */,
			);
			path = swiftUIDemoTests;
			sourceTree = "<group>";
		};
		442C413D2C57664200E2FDDA /* swiftUIDemoUITests */ = {
			isa = PBXGroup;
			children = (
				442C413E2C57664200E2FDDA /* swiftUIDemoUITests.swift */,
				442C41402C57664200E2FDDA /* swiftUIDemoUITestsLaunchTests.swift */,
			);
			path = swiftUIDemoUITests;
			sourceTree = "<group>";
		};
		4432F3BB2C6F3A01006A03D4 /* APPPage */ = {
			isa = PBXGroup;
			children = (
				445235D02C8047C10071483E /* ModeHomeListPage.swift */,
				449019082C69AA4800A01C92 /* TimeModeMainPage.swift */,
				4432F3BC2C6F3A39006A03D4 /* MySettingPage.swift */,
				4432F3BE2C6F3B16006A03D4 /* BuyVIPPage.swift */,
				4432F3C02C731C78006A03D4 /* ModeSettingPage.swift */,
				4432F3C22C734422006A03D4 /* AddCycleTimePage.swift */,
				E5D453562C737F0800CC0693 /* ModeLockView.swift */,
				44A955D62C7441A50045E2B3 /* AddModeNamePage.swift */,
				445235B42C7C4D8F0071483E /* FullTimePage.swift */,
				445235CE2C7F165D0071483E /* FullWavesPage.swift */,
				4418DEF22C86A99200A893A1 /* ZYToggle.swift */,
				4418DEF42C86B8D400A893A1 /* SetTimeLongPage.swift */,
				44A955C92C74340B0045E2B3 /* lockView */,
			);
			path = APPPage;
			sourceTree = "<group>";
		};
		44A955C92C74340B0045E2B3 /* lockView */ = {
			isa = PBXGroup;
			children = (
				44A955CF2C7434280045E2B3 /* FaceIDOpenPage.swift */,
				44A955CE2C7434280045E2B3 /* LockedPageView.swift */,
				44A955CA2C7434270045E2B3 /* PasswordButton.swift */,
				44A955CB2C7434270045E2B3 /* PasswordView.swift */,
				44A955CC2C7434270045E2B3 /* ResetPasswordPage.swift */,
			);
			path = lockView;
			sourceTree = "<group>";
		};
/* End PBXGroup section */

/* Begin PBXNativeTarget section */
		442C411F2C57664000E2FDDA /* swiftUIDemo */ = {
			isa = PBXNativeTarget;
			buildConfigurationList = 442C41442C57664200E2FDDA /* Build configuration list for PBXNativeTarget "swiftUIDemo" */;
			buildPhases = (
				442C411C2C57664000E2FDDA /* Sources */,
				442C411D2C57664000E2FDDA /* Frameworks */,
				442C411E2C57664000E2FDDA /* Resources */,
			);
			buildRules = (
			);
			dependencies = (
			);
			name = swiftUIDemo;
			packageProductDependencies = (
				44D1B9232C6A118300D1054D /* AnimateText */,
				44A955D92C7465C40045E2B3 /* MCEmojiPicker */,
				445235A12C7744460071483E /* ColorfulX */,
				445235B72C7C72010071483E /* AxisSheet */,
				445235BC2C7C88150071483E /* SlideButton */,
				445235CC2C7DDC360071483E /* SlidingRuler */,
			);
			productName = swiftUIDemo;
			productReference = 442C41202C57664000E2FDDA /* swiftUIDemo.app */;
			productType = "com.apple.product-type.application";
		};
		442C412F2C57664200E2FDDA /* swiftUIDemoTests */ = {
			isa = PBXNativeTarget;
			buildConfigurationList = 442C41472C57664200E2FDDA /* Build configuration list for PBXNativeTarget "swiftUIDemoTests" */;
			buildPhases = (
				442C412C2C57664200E2FDDA /* Sources */,
				442C412D2C57664200E2FDDA /* Frameworks */,
				442C412E2C57664200E2FDDA /* Resources */,
			);
			buildRules = (
			);
			dependencies = (
				442C41322C57664200E2FDDA /* PBXTargetDependency */,
			);
			name = swiftUIDemoTests;
			productName = swiftUIDemoTests;
			productReference = 442C41302C57664200E2FDDA /* swiftUIDemoTests.xctest */;
			productType = "com.apple.product-type.bundle.unit-test";
		};
		442C41392C57664200E2FDDA /* swiftUIDemoUITests */ = {
			isa = PBXNativeTarget;
			buildConfigurationList = 442C414A2C57664200E2FDDA /* Build configuration list for PBXNativeTarget "swiftUIDemoUITests" */;
			buildPhases = (
				442C41362C57664200E2FDDA /* Sources */,
				442C41372C57664200E2FDDA /* Frameworks */,
				442C41382C57664200E2FDDA /* Resources */,
			);
			buildRules = (
			);
			dependencies = (
				442C413C2C57664200E2FDDA /* PBXTargetDependency */,
			);
			name = swiftUIDemoUITests;
			productName = swiftUIDemoUITests;
			productReference = 442C413A2C57664200E2FDDA /* swiftUIDemoUITests.xctest */;
			productType = "com.apple.product-type.bundle.ui-testing";
		};
/* End PBXNativeTarget section */

/* Begin PBXProject section */
		442C41182C57664000E2FDDA /* Project object */ = {
			isa = PBXProject;
			attributes = {
				BuildIndependentTargetsInParallel = 1;
				LastSwiftUpdateCheck = 1520;
				LastUpgradeCheck = 1520;
				TargetAttributes = {
					442C411F2C57664000E2FDDA = {
						CreatedOnToolsVersion = 15.2;
					};
					442C412F2C57664200E2FDDA = {
						CreatedOnToolsVersion = 15.2;
						TestTargetID = 442C411F2C57664000E2FDDA;
					};
					442C41392C57664200E2FDDA = {
						CreatedOnToolsVersion = 15.2;
						TestTargetID = 442C411F2C57664000E2FDDA;
					};
				};
			};
			buildConfigurationList = 442C411B2C57664000E2FDDA /* Build configuration list for PBXProject "swiftUIDemo" */;
			compatibilityVersion = "Xcode 14.0";
			developmentRegion = en;
			hasScannedForEncodings = 0;
			knownRegions = (
				en,
				Base,
			);
			mainGroup = 442C41172C57664000E2FDDA;
			packageReferences = (
				44D1B9222C6A118300D1054D /* XCRemoteSwiftPackageReference "AnimateText" */,
				44A955D82C7465C40045E2B3 /* XCRemoteSwiftPackageReference "MCEmojiPicker" */,
				445235A02C7744460071483E /* XCRemoteSwiftPackageReference "ColorfulX" */,
				445235B62C7C72010071483E /* XCRemoteSwiftPackageReference "AxisSheet" */,
				445235BB2C7C88150071483E /* XCRemoteSwiftPackageReference "SlideButton" */,
				445235CB2C7DDC360071483E /* XCRemoteSwiftPackageReference "SlidingRuler" */,
			);
			productRefGroup = 442C41212C57664000E2FDDA /* Products */;
			projectDirPath = "";
			projectRoot = "";
			targets = (
				442C411F2C57664000E2FDDA /* swiftUIDemo */,
				442C412F2C57664200E2FDDA /* swiftUIDemoTests */,
				442C41392C57664200E2FDDA /* swiftUIDemoUITests */,
			);
		};
/* End PBXProject section */

/* Begin PBXResourcesBuildPhase section */
		442C411E2C57664000E2FDDA /* Resources */ = {
			isa = PBXResourcesBuildPhase;
			buildActionMask = 2147483647;
			files = (
				442C412B2C57664200E2FDDA /* Preview Assets.xcassets in Resources */,
				442C41282C57664200E2FDDA /* Assets.xcassets in Resources */,
			);
			runOnlyForDeploymentPostprocessing = 0;
		};
		442C412E2C57664200E2FDDA /* Resources */ = {
			isa = PBXResourcesBuildPhase;
			buildActionMask = 2147483647;
			files = (
			);
			runOnlyForDeploymentPostprocessing = 0;
		};
		442C41382C57664200E2FDDA /* Resources */ = {
			isa = PBXResourcesBuildPhase;
			buildActionMask = 2147483647;
			files = (
			);
			runOnlyForDeploymentPostprocessing = 0;
		};
/* End PBXResourcesBuildPhase section */

/* Begin PBXSourcesBuildPhase section */
		442C411C2C57664000E2FDDA /* Sources */ = {
			isa = PBXSourcesBuildPhase;
			buildActionMask = 2147483647;
			files = (
				4432F3C12C731C78006A03D4 /* ModeSettingPage.swift in Sources */,
				449019052C64B63300A01C92 /* UmbrellaView.swift in Sources */,
				445235B52C7C4D8F0071483E /* FullTimePage.swift in Sources */,
				44A955D52C7434280045E2B3 /* FaceIDOpenPage.swift in Sources */,
				44D1B9262C6A11DB00D1054D /* ZYAnimateText.swift in Sources */,
				44A955D42C7434280045E2B3 /* LockedPageView.swift in Sources */,
				445235D12C8047C10071483E /* ModeHomeListPage.swift in Sources */,
				44D15FCD2C620D2C00B6B926 /* CircleTypography.swift in Sources */,
				445235BF2C7D6F4D0071483E /* RollingTextView.swift in Sources */,
				44A955D02C7434280045E2B3 /* PasswordButton.swift in Sources */,
				4418DEF32C86A99200A893A1 /* ZYToggle.swift in Sources */,
				445235BA2C7C723A0071483E /* AxisSheetDemo.swift in Sources */,
				445235C32C7DB7800071483E /* HoldDownButton.swift in Sources */,
				4418DEF52C86B8D400A893A1 /* SetTimeLongPage.swift in Sources */,
				4432F3BF2C6F3B16006A03D4 /* BuyVIPPage.swift in Sources */,
				4452359F2C7727CC0071483E /* DemoHomePage.swift in Sources */,
				44D15FCB2C61C8C700B6B926 /* Drag3D.swift in Sources */,
				445235D32C807A460071483E /* IMSeitch.swift in Sources */,
				442C41262C57664000E2FDDA /* ContentView.swift in Sources */,
				44A955D72C7441A50045E2B3 /* AddModeNamePage.swift in Sources */,
				44A955E02C749F210045E2B3 /* TextFloatView.swift in Sources */,
				4432F3BD2C6F3A39006A03D4 /* MySettingPage.swift in Sources */,
				44D15FC52C60D66D00B6B926 /* Joystick.swift in Sources */,
				44A955DC2C7494550045E2B3 /* ConfettiView.swift in Sources */,
				449019092C69AA4800A01C92 /* TimeModeMainPage.swift in Sources */,
				44D15FCF2C621BCD00B6B926 /* SKScene.swift in Sources */,
				44D15FC92C61BC5300B6B926 /* TimerCircle.swift in Sources */,
				44D15FC32C60CCE500B6B926 /* Waves.swift in Sources */,
				4432F3C32C734422006A03D4 /* AddCycleTimePage.swift in Sources */,
				44A955D12C7434280045E2B3 /* PasswordView.swift in Sources */,
				445235CF2C7F165D0071483E /* FullWavesPage.swift in Sources */,
				445235C12C7DB44E0071483E /* ModeListPage.swift in Sources */,
				44D15FE82C6368AD00B6B926 /* OffsetInScrollView.swift in Sources */,
				44D15FD92C63482E00B6B926 /* FlowingColorView.swift in Sources */,
				44A955D22C7434280045E2B3 /* ResetPasswordPage.swift in Sources */,
				4418DEF12C85809100A893A1 /* ToggleStyleDemo.swift in Sources */,
				445235B32C7833A00071483E /* Tube.swift in Sources */,
				E5D453572C737F0800CC0693 /* ModeLockView.swift in Sources */,
				442C41242C57664000E2FDDA /* swiftUIDemoApp.swift in Sources */,
			);
			runOnlyForDeploymentPostprocessing = 0;
		};
		442C412C2C57664200E2FDDA /* Sources */ = {
			isa = PBXSourcesBuildPhase;
			buildActionMask = 2147483647;
			files = (
				442C41352C57664200E2FDDA /* swiftUIDemoTests.swift in Sources */,
			);
			runOnlyForDeploymentPostprocessing = 0;
		};
		442C41362C57664200E2FDDA /* Sources */ = {
			isa = PBXSourcesBuildPhase;
			buildActionMask = 2147483647;
			files = (
				442C413F2C57664200E2FDDA /* swiftUIDemoUITests.swift in Sources */,
				442C41412C57664200E2FDDA /* swiftUIDemoUITestsLaunchTests.swift in Sources */,
			);
			runOnlyForDeploymentPostprocessing = 0;
		};
/* End PBXSourcesBuildPhase section */

/* Begin PBXTargetDependency section */
		442C41322C57664200E2FDDA /* PBXTargetDependency */ = {
			isa = PBXTargetDependency;
			target = 442C411F2C57664000E2FDDA /* swiftUIDemo */;
			targetProxy = 442C41312C57664200E2FDDA /* PBXContainerItemProxy */;
		};
		442C413C2C57664200E2FDDA /* PBXTargetDependency */ = {
			isa = PBXTargetDependency;
			target = 442C411F2C57664000E2FDDA /* swiftUIDemo */;
			targetProxy = 442C413B2C57664200E2FDDA /* PBXContainerItemProxy */;
		};
/* End PBXTargetDependency section */

/* Begin XCBuildConfiguration section */
		442C41422C57664200E2FDDA /* Debug */ = {
			isa = XCBuildConfiguration;
			buildSettings = {
				ALWAYS_SEARCH_USER_PATHS = NO;
				ASSETCATALOG_COMPILER_GENERATE_SWIFT_ASSET_SYMBOL_EXTENSIONS = YES;
				CLANG_ANALYZER_NONNULL = YES;
				CLANG_ANALYZER_NUMBER_OBJECT_CONVERSION = YES_AGGRESSIVE;
				CLANG_CXX_LANGUAGE_STANDARD = "gnu++20";
				CLANG_ENABLE_MODULES = YES;
				CLANG_ENABLE_OBJC_ARC = YES;
				CLANG_ENABLE_OBJC_WEAK = YES;
				CLANG_WARN_BLOCK_CAPTURE_AUTORELEASING = YES;
				CLANG_WARN_BOOL_CONVERSION = YES;
				CLANG_WARN_COMMA = YES;
				CLANG_WARN_CONSTANT_CONVERSION = YES;
				CLANG_WARN_DEPRECATED_OBJC_IMPLEMENTATIONS = YES;
				CLANG_WARN_DIRECT_OBJC_ISA_USAGE = YES_ERROR;
				CLANG_WARN_DOCUMENTATION_COMMENTS = YES;
				CLANG_WARN_EMPTY_BODY = YES;
				CLANG_WARN_ENUM_CONVERSION = YES;
				CLANG_WARN_INFINITE_RECURSION = YES;
				CLANG_WARN_INT_CONVERSION = YES;
				CLANG_WARN_NON_LITERAL_NULL_CONVERSION = YES;
				CLANG_WARN_OBJC_IMPLICIT_RETAIN_SELF = YES;
				CLANG_WARN_OBJC_LITERAL_CONVERSION = YES;
				CLANG_WARN_OBJC_ROOT_CLASS = YES_ERROR;
				CLANG_WARN_QUOTED_INCLUDE_IN_FRAMEWORK_HEADER = YES;
				CLANG_WARN_RANGE_LOOP_ANALYSIS = YES;
				CLANG_WARN_STRICT_PROTOTYPES = YES;
				CLANG_WARN_SUSPICIOUS_MOVE = YES;
				CLANG_WARN_UNGUARDED_AVAILABILITY = YES_AGGRESSIVE;
				CLANG_WARN_UNREACHABLE_CODE = YES;
				CLANG_WARN__DUPLICATE_METHOD_MATCH = YES;
				COPY_PHASE_STRIP = NO;
				DEBUG_INFORMATION_FORMAT = dwarf;
				ENABLE_STRICT_OBJC_MSGSEND = YES;
				ENABLE_TESTABILITY = YES;
				ENABLE_USER_SCRIPT_SANDBOXING = YES;
				GCC_C_LANGUAGE_STANDARD = gnu17;
				GCC_DYNAMIC_NO_PIC = NO;
				GCC_NO_COMMON_BLOCKS = YES;
				GCC_OPTIMIZATION_LEVEL = 0;
				GCC_PREPROCESSOR_DEFINITIONS = (
					"DEBUG=1",
					"$(inherited)",
				);
				GCC_WARN_64_TO_32_BIT_CONVERSION = YES;
				GCC_WARN_ABOUT_RETURN_TYPE = YES_ERROR;
				GCC_WARN_UNDECLARED_SELECTOR = YES;
				GCC_WARN_UNINITIALIZED_AUTOS = YES_AGGRESSIVE;
				GCC_WARN_UNUSED_FUNCTION = YES;
				GCC_WARN_UNUSED_VARIABLE = YES;
				IPHONEOS_DEPLOYMENT_TARGET = 16.0;
				LOCALIZATION_PREFERS_STRING_CATALOGS = YES;
				MTL_ENABLE_DEBUG_INFO = INCLUDE_SOURCE;
				MTL_FAST_MATH = YES;
				ONLY_ACTIVE_ARCH = YES;
				SDKROOT = iphoneos;
				SWIFT_ACTIVE_COMPILATION_CONDITIONS = "DEBUG $(inherited)";
				SWIFT_OPTIMIZATION_LEVEL = "-Onone";
			};
			name = Debug;
		};
		442C41432C57664200E2FDDA /* Release */ = {
			isa = XCBuildConfiguration;
			buildSettings = {
				ALWAYS_SEARCH_USER_PATHS = NO;
				ASSETCATALOG_COMPILER_GENERATE_SWIFT_ASSET_SYMBOL_EXTENSIONS = YES;
				CLANG_ANALYZER_NONNULL = YES;
				CLANG_ANALYZER_NUMBER_OBJECT_CONVERSION = YES_AGGRESSIVE;
				CLANG_CXX_LANGUAGE_STANDARD = "gnu++20";
				CLANG_ENABLE_MODULES = YES;
				CLANG_ENABLE_OBJC_ARC = YES;
				CLANG_ENABLE_OBJC_WEAK = YES;
				CLANG_WARN_BLOCK_CAPTURE_AUTORELEASING = YES;
				CLANG_WARN_BOOL_CONVERSION = YES;
				CLANG_WARN_COMMA = YES;
				CLANG_WARN_CONSTANT_CONVERSION = YES;
				CLANG_WARN_DEPRECATED_OBJC_IMPLEMENTATIONS = YES;
				CLANG_WARN_DIRECT_OBJC_ISA_USAGE = YES_ERROR;
				CLANG_WARN_DOCUMENTATION_COMMENTS = YES;
				CLANG_WARN_EMPTY_BODY = YES;
				CLANG_WARN_ENUM_CONVERSION = YES;
				CLANG_WARN_INFINITE_RECURSION = YES;
				CLANG_WARN_INT_CONVERSION = YES;
				CLANG_WARN_NON_LITERAL_NULL_CONVERSION = YES;
				CLANG_WARN_OBJC_IMPLICIT_RETAIN_SELF = YES;
				CLANG_WARN_OBJC_LITERAL_CONVERSION = YES;
				CLANG_WARN_OBJC_ROOT_CLASS = YES_ERROR;
				CLANG_WARN_QUOTED_INCLUDE_IN_FRAMEWORK_HEADER = YES;
				CLANG_WARN_RANGE_LOOP_ANALYSIS = YES;
				CLANG_WARN_STRICT_PROTOTYPES = YES;
				CLANG_WARN_SUSPICIOUS_MOVE = YES;
				CLANG_WARN_UNGUARDED_AVAILABILITY = YES_AGGRESSIVE;
				CLANG_WARN_UNREACHABLE_CODE = YES;
				CLANG_WARN__DUPLICATE_METHOD_MATCH = YES;
				COPY_PHASE_STRIP = NO;
				DEBUG_INFORMATION_FORMAT = "dwarf-with-dsym";
				ENABLE_NS_ASSERTIONS = NO;
				ENABLE_STRICT_OBJC_MSGSEND = YES;
				ENABLE_USER_SCRIPT_SANDBOXING = YES;
				GCC_C_LANGUAGE_STANDARD = gnu17;
				GCC_NO_COMMON_BLOCKS = YES;
				GCC_WARN_64_TO_32_BIT_CONVERSION = YES;
				GCC_WARN_ABOUT_RETURN_TYPE = YES_ERROR;
				GCC_WARN_UNDECLARED_SELECTOR = YES;
				GCC_WARN_UNINITIALIZED_AUTOS = YES_AGGRESSIVE;
				GCC_WARN_UNUSED_FUNCTION = YES;
				GCC_WARN_UNUSED_VARIABLE = YES;
				IPHONEOS_DEPLOYMENT_TARGET = 16.0;
				LOCALIZATION_PREFERS_STRING_CATALOGS = YES;
				MTL_ENABLE_DEBUG_INFO = NO;
				MTL_FAST_MATH = YES;
				SDKROOT = iphoneos;
				SWIFT_COMPILATION_MODE = wholemodule;
				VALIDATE_PRODUCT = YES;
			};
			name = Release;
		};
		442C41452C57664200E2FDDA /* Debug */ = {
			isa = XCBuildConfiguration;
			buildSettings = {
				ASSETCATALOG_COMPILER_APPICON_NAME = AppIcon;
				ASSETCATALOG_COMPILER_GLOBAL_ACCENT_COLOR_NAME = AccentColor;
				CODE_SIGN_STYLE = Automatic;
				CURRENT_PROJECT_VERSION = 1;
				DEVELOPMENT_ASSET_PATHS = "\"swiftUIDemo/Preview Content\"";
				DEVELOPMENT_TEAM = 893DUAC899;
				ENABLE_PREVIEWS = YES;
				GENERATE_INFOPLIST_FILE = YES;
				INFOPLIST_KEY_UIApplicationSceneManifest_Generation = YES;
				INFOPLIST_KEY_UIApplicationSupportsIndirectInputEvents = YES;
				INFOPLIST_KEY_UILaunchScreen_Generation = YES;
				INFOPLIST_KEY_UISupportedInterfaceOrientations_iPad = "UIInterfaceOrientationPortrait UIInterfaceOrientationPortraitUpsideDown UIInterfaceOrientationLandscapeLeft UIInterfaceOrientationLandscapeRight";
				INFOPLIST_KEY_UISupportedInterfaceOrientations_iPhone = "UIInterfaceOrientationPortrait UIInterfaceOrientationLandscapeLeft UIInterfaceOrientationLandscapeRight";
				IPHONEOS_DEPLOYMENT_TARGET = 16.0;
				LD_RUNPATH_SEARCH_PATHS = (
					"$(inherited)",
					"@executable_path/Frameworks",
				);
				MARKETING_VERSION = 1.0;
				PRODUCT_BUNDLE_IDENTIFIER = page222.swiftUIDemo;
				PRODUCT_NAME = "$(TARGET_NAME)";
				SWIFT_EMIT_LOC_STRINGS = YES;
				SWIFT_VERSION = 5.0;
				TARGETED_DEVICE_FAMILY = "1,2";
			};
			name = Debug;
		};
		442C41462C57664200E2FDDA /* Release */ = {
			isa = XCBuildConfiguration;
			buildSettings = {
				ASSETCATALOG_COMPILER_APPICON_NAME = AppIcon;
				ASSETCATALOG_COMPILER_GLOBAL_ACCENT_COLOR_NAME = AccentColor;
				CODE_SIGN_STYLE = Automatic;
				CURRENT_PROJECT_VERSION = 1;
				DEVELOPMENT_ASSET_PATHS = "\"swiftUIDemo/Preview Content\"";
				DEVELOPMENT_TEAM = 893DUAC899;
				ENABLE_PREVIEWS = YES;
				GENERATE_INFOPLIST_FILE = YES;
				INFOPLIST_KEY_UIApplicationSceneManifest_Generation = YES;
				INFOPLIST_KEY_UIApplicationSupportsIndirectInputEvents = YES;
				INFOPLIST_KEY_UILaunchScreen_Generation = YES;
				INFOPLIST_KEY_UISupportedInterfaceOrientations_iPad = "UIInterfaceOrientationPortrait UIInterfaceOrientationPortraitUpsideDown UIInterfaceOrientationLandscapeLeft UIInterfaceOrientationLandscapeRight";
				INFOPLIST_KEY_UISupportedInterfaceOrientations_iPhone = "UIInterfaceOrientationPortrait UIInterfaceOrientationLandscapeLeft UIInterfaceOrientationLandscapeRight";
				IPHONEOS_DEPLOYMENT_TARGET = 16.0;
				LD_RUNPATH_SEARCH_PATHS = (
					"$(inherited)",
					"@executable_path/Frameworks",
				);
				MARKETING_VERSION = 1.0;
				PRODUCT_BUNDLE_IDENTIFIER = page222.swiftUIDemo;
				PRODUCT_NAME = "$(TARGET_NAME)";
				SWIFT_EMIT_LOC_STRINGS = YES;
				SWIFT_VERSION = 5.0;
				TARGETED_DEVICE_FAMILY = "1,2";
			};
			name = Release;
		};
		442C41482C57664200E2FDDA /* Debug */ = {
			isa = XCBuildConfiguration;
			buildSettings = {
				ALWAYS_EMBED_SWIFT_STANDARD_LIBRARIES = YES;
				BUNDLE_LOADER = "$(TEST_HOST)";
				CODE_SIGN_STYLE = Automatic;
				CURRENT_PROJECT_VERSION = 1;
				DEVELOPMENT_TEAM = 893DUAC899;
				GENERATE_INFOPLIST_FILE = YES;
				IPHONEOS_DEPLOYMENT_TARGET = 17.2;
				MARKETING_VERSION = 1.0;
				PRODUCT_BUNDLE_IDENTIFIER = page222.swiftUIDemoTests;
				PRODUCT_NAME = "$(TARGET_NAME)";
				SWIFT_EMIT_LOC_STRINGS = NO;
				SWIFT_VERSION = 5.0;
				TARGETED_DEVICE_FAMILY = "1,2";
				TEST_HOST = "$(BUILT_PRODUCTS_DIR)/swiftUIDemo.app/$(BUNDLE_EXECUTABLE_FOLDER_PATH)/swiftUIDemo";
			};
			name = Debug;
		};
		442C41492C57664200E2FDDA /* Release */ = {
			isa = XCBuildConfiguration;
			buildSettings = {
				ALWAYS_EMBED_SWIFT_STANDARD_LIBRARIES = YES;
				BUNDLE_LOADER = "$(TEST_HOST)";
				CODE_SIGN_STYLE = Automatic;
				CURRENT_PROJECT_VERSION = 1;
				DEVELOPMENT_TEAM = 893DUAC899;
				GENERATE_INFOPLIST_FILE = YES;
				IPHONEOS_DEPLOYMENT_TARGET = 17.2;
				MARKETING_VERSION = 1.0;
				PRODUCT_BUNDLE_IDENTIFIER = page222.swiftUIDemoTests;
				PRODUCT_NAME = "$(TARGET_NAME)";
				SWIFT_EMIT_LOC_STRINGS = NO;
				SWIFT_VERSION = 5.0;
				TARGETED_DEVICE_FAMILY = "1,2";
				TEST_HOST = "$(BUILT_PRODUCTS_DIR)/swiftUIDemo.app/$(BUNDLE_EXECUTABLE_FOLDER_PATH)/swiftUIDemo";
			};
			name = Release;
		};
		442C414B2C57664200E2FDDA /* Debug */ = {
			isa = XCBuildConfiguration;
			buildSettings = {
				ALWAYS_EMBED_SWIFT_STANDARD_LIBRARIES = YES;
				CODE_SIGN_STYLE = Automatic;
				CURRENT_PROJECT_VERSION = 1;
				DEVELOPMENT_TEAM = 893DUAC899;
				GENERATE_INFOPLIST_FILE = YES;
				MARKETING_VERSION = 1.0;
				PRODUCT_BUNDLE_IDENTIFIER = page222.swiftUIDemoUITests;
				PRODUCT_NAME = "$(TARGET_NAME)";
				SWIFT_EMIT_LOC_STRINGS = NO;
				SWIFT_VERSION = 5.0;
				TARGETED_DEVICE_FAMILY = "1,2";
				TEST_TARGET_NAME = swiftUIDemo;
			};
			name = Debug;
		};
		442C414C2C57664200E2FDDA /* Release */ = {
			isa = XCBuildConfiguration;
			buildSettings = {
				ALWAYS_EMBED_SWIFT_STANDARD_LIBRARIES = YES;
				CODE_SIGN_STYLE = Automatic;
				CURRENT_PROJECT_VERSION = 1;
				DEVELOPMENT_TEAM = 893DUAC899;
				GENERATE_INFOPLIST_FILE = YES;
				MARKETING_VERSION = 1.0;
				PRODUCT_BUNDLE_IDENTIFIER = page222.swiftUIDemoUITests;
				PRODUCT_NAME = "$(TARGET_NAME)";
				SWIFT_EMIT_LOC_STRINGS = NO;
				SWIFT_VERSION = 5.0;
				TARGETED_DEVICE_FAMILY = "1,2";
				TEST_TARGET_NAME = swiftUIDemo;
			};
			name = Release;
		};
/* End XCBuildConfiguration section */

/* Begin XCConfigurationList section */
		442C411B2C57664000E2FDDA /* Build configuration list for PBXProject "swiftUIDemo" */ = {
			isa = XCConfigurationList;
			buildConfigurations = (
				442C41422C57664200E2FDDA /* Debug */,
				442C41432C57664200E2FDDA /* Release */,
			);
			defaultConfigurationIsVisible = 0;
			defaultConfigurationName = Release;
		};
		442C41442C57664200E2FDDA /* Build configuration list for PBXNativeTarget "swiftUIDemo" */ = {
			isa = XCConfigurationList;
			buildConfigurations = (
				442C41452C57664200E2FDDA /* Debug */,
				442C41462C57664200E2FDDA /* Release */,
			);
			defaultConfigurationIsVisible = 0;
			defaultConfigurationName = Release;
		};
		442C41472C57664200E2FDDA /* Build configuration list for PBXNativeTarget "swiftUIDemoTests" */ = {
			isa = XCConfigurationList;
			buildConfigurations = (
				442C41482C57664200E2FDDA /* Debug */,
				442C41492C57664200E2FDDA /* Release */,
			);
			defaultConfigurationIsVisible = 0;
			defaultConfigurationName = Release;
		};
		442C414A2C57664200E2FDDA /* Build configuration list for PBXNativeTarget "swiftUIDemoUITests" */ = {
			isa = XCConfigurationList;
			buildConfigurations = (
				442C414B2C57664200E2FDDA /* Debug */,
				442C414C2C57664200E2FDDA /* Release */,
			);
			defaultConfigurationIsVisible = 0;
			defaultConfigurationName = Release;
		};
/* End XCConfigurationList section */

/* Begin XCRemoteSwiftPackageReference section */
		445235A02C7744460071483E /* XCRemoteSwiftPackageReference "ColorfulX" */ = {
			isa = XCRemoteSwiftPackageReference;
			repositoryURL = "https://github.com/Lakr233/ColorfulX.git";
			requirement = {
				kind = upToNextMajorVersion;
				minimumVersion = 5.3.1;
			};
		};
		445235B62C7C72010071483E /* XCRemoteSwiftPackageReference "AxisSheet" */ = {
			isa = XCRemoteSwiftPackageReference;
			repositoryURL = "https://github.com/jasudev/AxisSheet.git";
			requirement = {
				kind = upToNextMajorVersion;
				minimumVersion = 0.5.2;
			};
		};
		445235BB2C7C88150071483E /* XCRemoteSwiftPackageReference "SlideButton" */ = {
			isa = XCRemoteSwiftPackageReference;
			repositoryURL = "https://github.com/no-comment/SlideButton";
			requirement = {
				branch = main;
				kind = branch;
			};
		};
		445235CB2C7DDC360071483E /* XCRemoteSwiftPackageReference "SlidingRuler" */ = {
			isa = XCRemoteSwiftPackageReference;
			repositoryURL = "https://github.com/Pyroh/SlidingRuler";
			requirement = {
				kind = upToNextMajorVersion;
				minimumVersion = 0.2.0;
			};
		};
		44A955D82C7465C40045E2B3 /* XCRemoteSwiftPackageReference "MCEmojiPicker" */ = {
			isa = XCRemoteSwiftPackageReference;
			repositoryURL = "https://github.com/izyumkin/MCEmojiPicker.git";
			requirement = {
				kind = upToNextMajorVersion;
				minimumVersion = 1.2.3;
			};
		};
		44D1B9222C6A118300D1054D /* XCRemoteSwiftPackageReference "AnimateText" */ = {
			isa = XCRemoteSwiftPackageReference;
			repositoryURL = "https://github.com/jasudev/AnimateText.git";
			requirement = {
				kind = upToNextMajorVersion;
				minimumVersion = 0.5.0;
			};
		};
/* End XCRemoteSwiftPackageReference section */

/* Begin XCSwiftPackageProductDependency section */
		445235A12C7744460071483E /* ColorfulX */ = {
			isa = XCSwiftPackageProductDependency;
			package = 445235A02C7744460071483E /* XCRemoteSwiftPackageReference "ColorfulX" */;
			productName = ColorfulX;
		};
		445235B72C7C72010071483E /* AxisSheet */ = {
			isa = XCSwiftPackageProductDependency;
			package = 445235B62C7C72010071483E /* XCRemoteSwiftPackageReference "AxisSheet" */;
			productName = AxisSheet;
		};
		445235BC2C7C88150071483E /* SlideButton */ = {
			isa = XCSwiftPackageProductDependency;
			package = 445235BB2C7C88150071483E /* XCRemoteSwiftPackageReference "SlideButton" */;
			productName = SlideButton;
		};
		445235CC2C7DDC360071483E /* SlidingRuler */ = {
			isa = XCSwiftPackageProductDependency;
			package = 445235CB2C7DDC360071483E /* XCRemoteSwiftPackageReference "SlidingRuler" */;
			productName = SlidingRuler;
		};
		44A955D92C7465C40045E2B3 /* MCEmojiPicker */ = {
			isa = XCSwiftPackageProductDependency;
			package = 44A955D82C7465C40045E2B3 /* XCRemoteSwiftPackageReference "MCEmojiPicker" */;
			productName = MCEmojiPicker;
		};
		44D1B9232C6A118300D1054D /* AnimateText */ = {
			isa = XCSwiftPackageProductDependency;
			package = 44D1B9222C6A118300D1054D /* XCRemoteSwiftPackageReference "AnimateText" */;
			productName = AnimateText;
		};
/* End XCSwiftPackageProductDependency section */
	};
	rootObject = 442C41182C57664000E2FDDA /* Project object */;
}
